// !$*UTF8*$!
{
	archiveVersion = 1;
	classes = {
	};
	objectVersion = 46;
	objects = {

/* Begin PBXBuildFile section */
		5216997B2B1AE5E1A1002352 /* libPods-SimpleView.a in Frameworks */ = {isa = PBXBuildFile; fileRef = B511EC83D4174AA046132E6B /* libPods-SimpleView.a */; };
		CE0AE0B71CD9F8E100A11CEB /* UILabel+SimpleFactory.m in Sources */ = {isa = PBXBuildFile; fileRef = CE0AE0B61CD9F8E100A11CEB /* UILabel+SimpleFactory.m */; };
		CE0AE0BD1CD9FCB300A11CEB /* NSString+CGSize.m in Sources */ = {isa = PBXBuildFile; fileRef = CE0AE0BC1CD9FCB300A11CEB /* NSString+CGSize.m */; };
		CE0AE0C01CDB33C000A11CEB /* UIView+SimpleFactory.m in Sources */ = {isa = PBXBuildFile; fileRef = CE0AE0BF1CDB33C000A11CEB /* UIView+SimpleFactory.m */; };
		CE0AE0C31CDB634900A11CEB /* TestViewController.m in Sources */ = {isa = PBXBuildFile; fileRef = CE0AE0C21CDB634900A11CEB /* TestViewController.m */; };
		CE0AE0C61CDC729C00A11CEB /* UINavigationController+SimpleFactory.m in Sources */ = {isa = PBXBuildFile; fileRef = CE0AE0C51CDC729C00A11CEB /* UINavigationController+SimpleFactory.m */; };
		CE1B646F1D01722A0034672B /* UIViewController+SimplePresent.m in Sources */ = {isa = PBXBuildFile; fileRef = CE1B646E1D01722A0034672B /* UIViewController+SimplePresent.m */; };
		CE55BE4B1CBBC2F600D8364B /* main.m in Sources */ = {isa = PBXBuildFile; fileRef = CE55BE4A1CBBC2F600D8364B /* main.m */; };
		CE55BE4E1CBBC2F600D8364B /* AppDelegate.m in Sources */ = {isa = PBXBuildFile; fileRef = CE55BE4D1CBBC2F600D8364B /* AppDelegate.m */; };
		CE55BE511CBBC2F600D8364B /* ViewController.m in Sources */ = {isa = PBXBuildFile; fileRef = CE55BE501CBBC2F600D8364B /* ViewController.m */; };
		CE55BE541CBBC2F600D8364B /* Main.storyboard in Resources */ = {isa = PBXBuildFile; fileRef = CE55BE521CBBC2F600D8364B /* Main.storyboard */; };
		CE55BE561CBBC2F600D8364B /* Assets.xcassets in Resources */ = {isa = PBXBuildFile; fileRef = CE55BE551CBBC2F600D8364B /* Assets.xcassets */; };
		CE55BE591CBBC2F600D8364B /* LaunchScreen.storyboard in Resources */ = {isa = PBXBuildFile; fileRef = CE55BE571CBBC2F600D8364B /* LaunchScreen.storyboard */; };
		CE55BE641CBBC2F600D8364B /* SimpleViewTests.m in Sources */ = {isa = PBXBuildFile; fileRef = CE55BE631CBBC2F600D8364B /* SimpleViewTests.m */; };
		CE55BE6F1CBBC2F600D8364B /* SimpleViewUITests.m in Sources */ = {isa = PBXBuildFile; fileRef = CE55BE6E1CBBC2F600D8364B /* SimpleViewUITests.m */; };
		CE55BE821CBBCCD900D8364B /* UIButton+SimpleFactory.m in Sources */ = {isa = PBXBuildFile; fileRef = CE55BE811CBBCCD900D8364B /* UIButton+SimpleFactory.m */; };
		CE55BE851CBBCD0D00D8364B /* UIViewController+SimpleNavigation.m in Sources */ = {isa = PBXBuildFile; fileRef = CE55BE841CBBCD0D00D8364B /* UIViewController+SimpleNavigation.m */; };
		CE55BE8A1CBBD09600D8364B /* NSObject+Block.m in Sources */ = {isa = PBXBuildFile; fileRef = CE55BE891CBBD09600D8364B /* NSObject+Block.m */; };
		CE763C381D054FB10068DA0B /* UITextField+SimpleFactory.m in Sources */ = {isa = PBXBuildFile; fileRef = CE763C371D054FB10068DA0B /* UITextField+SimpleFactory.m */; };
		CE805F2B1CE18F37000780D7 /* UIViewController+BackButtonStyle.m in Sources */ = {isa = PBXBuildFile; fileRef = CE805F2A1CE18F37000780D7 /* UIViewController+BackButtonStyle.m */; };
		CE880DF81CEEF9CF002AA73D /* UIColor+HexString.m in Sources */ = {isa = PBXBuildFile; fileRef = CE880DF71CEEF9CF002AA73D /* UIColor+HexString.m */; };
		CEC716DC1CE4527E006536F2 /* UIView+Sizes.m in Sources */ = {isa = PBXBuildFile; fileRef = CEC716DB1CE4527E006536F2 /* UIView+Sizes.m */; };
		CEC716E21CE4B2DC006536F2 /* UIViewController+NavBackgroundStyle.m in Sources */ = {isa = PBXBuildFile; fileRef = CEC716E11CE4B2DC006536F2 /* UIViewController+NavBackgroundStyle.m */; };
		CEC716E81CEABF9D006536F2 /* UIImageView+SimpleFactory.m in Sources */ = {isa = PBXBuildFile; fileRef = CEC716E71CEABF9D006536F2 /* UIImageView+SimpleFactory.m */; };
		CEE2FE2E1CD0ACE900F1DECF /* UIBarButtonItem+SimpleFactory.m in Sources */ = {isa = PBXBuildFile; fileRef = CEE2FE2D1CD0ACE900F1DECF /* UIBarButtonItem+SimpleFactory.m */; };
/* End PBXBuildFile section */

/* Begin PBXContainerItemProxy section */
		CE55BE601CBBC2F600D8364B /* PBXContainerItemProxy */ = {
			isa = PBXContainerItemProxy;
			containerPortal = CE55BE3E1CBBC2F500D8364B /* Project object */;
			proxyType = 1;
			remoteGlobalIDString = CE55BE451CBBC2F500D8364B;
			remoteInfo = SimpleView;
		};
		CE55BE6B1CBBC2F600D8364B /* PBXContainerItemProxy */ = {
			isa = PBXContainerItemProxy;
			containerPortal = CE55BE3E1CBBC2F500D8364B /* Project object */;
			proxyType = 1;
			remoteGlobalIDString = CE55BE451CBBC2F500D8364B;
			remoteInfo = SimpleView;
		};
/* End PBXContainerItemProxy section */

/* Begin PBXFileReference section */
		0202D8E12B681407EABF28BB /* Pods-SimpleView.debug.xcconfig */ = {isa = PBXFileReference; includeInIndex = 1; lastKnownFileType = text.xcconfig; name = "Pods-SimpleView.debug.xcconfig"; path = "Pods/Target Support Files/Pods-SimpleView/Pods-SimpleView.debug.xcconfig"; sourceTree = "<group>"; };
		B511EC83D4174AA046132E6B /* libPods-SimpleView.a */ = {isa = PBXFileReference; explicitFileType = archive.ar; includeInIndex = 0; path = "libPods-SimpleView.a"; sourceTree = BUILT_PRODUCTS_DIR; };
		CE0AE0B51CD9F8E100A11CEB /* UILabel+SimpleFactory.h */ = {isa = PBXFileReference; fileEncoding = 4; lastKnownFileType = sourcecode.c.h; path = "UILabel+SimpleFactory.h"; sourceTree = "<group>"; };
		CE0AE0B61CD9F8E100A11CEB /* UILabel+SimpleFactory.m */ = {isa = PBXFileReference; fileEncoding = 4; lastKnownFileType = sourcecode.c.objc; path = "UILabel+SimpleFactory.m"; sourceTree = "<group>"; };
		CE0AE0BB1CD9FCB300A11CEB /* NSString+CGSize.h */ = {isa = PBXFileReference; fileEncoding = 4; lastKnownFileType = sourcecode.c.h; path = "NSString+CGSize.h"; sourceTree = "<group>"; };
		CE0AE0BC1CD9FCB300A11CEB /* NSString+CGSize.m */ = {isa = PBXFileReference; fileEncoding = 4; lastKnownFileType = sourcecode.c.objc; path = "NSString+CGSize.m"; sourceTree = "<group>"; };
		CE0AE0BE1CDB33C000A11CEB /* UIView+SimpleFactory.h */ = {isa = PBXFileReference; fileEncoding = 4; lastKnownFileType = sourcecode.c.h; path = "UIView+SimpleFactory.h"; sourceTree = "<group>"; };
		CE0AE0BF1CDB33C000A11CEB /* UIView+SimpleFactory.m */ = {isa = PBXFileReference; fileEncoding = 4; lastKnownFileType = sourcecode.c.objc; path = "UIView+SimpleFactory.m"; sourceTree = "<group>"; };
		CE0AE0C11CDB634900A11CEB /* TestViewController.h */ = {isa = PBXFileReference; fileEncoding = 4; lastKnownFileType = sourcecode.c.h; path = TestViewController.h; sourceTree = "<group>"; };
		CE0AE0C21CDB634900A11CEB /* TestViewController.m */ = {isa = PBXFileReference; fileEncoding = 4; lastKnownFileType = sourcecode.c.objc; path = TestViewController.m; sourceTree = "<group>"; };
		CE0AE0C41CDC729C00A11CEB /* UINavigationController+SimpleFactory.h */ = {isa = PBXFileReference; fileEncoding = 4; lastKnownFileType = sourcecode.c.h; path = "UINavigationController+SimpleFactory.h"; sourceTree = "<group>"; };
		CE0AE0C51CDC729C00A11CEB /* UINavigationController+SimpleFactory.m */ = {isa = PBXFileReference; fileEncoding = 4; lastKnownFileType = sourcecode.c.objc; path = "UINavigationController+SimpleFactory.m"; sourceTree = "<group>"; };
		CE1B646D1D01722A0034672B /* UIViewController+SimplePresent.h */ = {isa = PBXFileReference; fileEncoding = 4; lastKnownFileType = sourcecode.c.h; path = "UIViewController+SimplePresent.h"; sourceTree = "<group>"; };
		CE1B646E1D01722A0034672B /* UIViewController+SimplePresent.m */ = {isa = PBXFileReference; fileEncoding = 4; lastKnownFileType = sourcecode.c.objc; path = "UIViewController+SimplePresent.m"; sourceTree = "<group>"; };
		CE3158721CD2FC1F00BA5486 /* SimpleViewHeader.h */ = {isa = PBXFileReference; lastKnownFileType = sourcecode.c.h; path = SimpleViewHeader.h; sourceTree = "<group>"; };
		CE55BE461CBBC2F500D8364B /* SimpleView.app */ = {isa = PBXFileReference; explicitFileType = wrapper.application; includeInIndex = 0; path = SimpleView.app; sourceTree = BUILT_PRODUCTS_DIR; };
		CE55BE4A1CBBC2F600D8364B /* main.m */ = {isa = PBXFileReference; lastKnownFileType = sourcecode.c.objc; path = main.m; sourceTree = "<group>"; };
		CE55BE4C1CBBC2F600D8364B /* AppDelegate.h */ = {isa = PBXFileReference; lastKnownFileType = sourcecode.c.h; path = AppDelegate.h; sourceTree = "<group>"; };
		CE55BE4D1CBBC2F600D8364B /* AppDelegate.m */ = {isa = PBXFileReference; lastKnownFileType = sourcecode.c.objc; path = AppDelegate.m; sourceTree = "<group>"; };
		CE55BE4F1CBBC2F600D8364B /* ViewController.h */ = {isa = PBXFileReference; lastKnownFileType = sourcecode.c.h; path = ViewController.h; sourceTree = "<group>"; };
		CE55BE501CBBC2F600D8364B /* ViewController.m */ = {isa = PBXFileReference; lastKnownFileType = sourcecode.c.objc; path = ViewController.m; sourceTree = "<group>"; };
		CE55BE531CBBC2F600D8364B /* Base */ = {isa = PBXFileReference; lastKnownFileType = file.storyboard; name = Base; path = Base.lproj/Main.storyboard; sourceTree = "<group>"; };
		CE55BE551CBBC2F600D8364B /* Assets.xcassets */ = {isa = PBXFileReference; lastKnownFileType = folder.assetcatalog; path = Assets.xcassets; sourceTree = "<group>"; };
		CE55BE581CBBC2F600D8364B /* Base */ = {isa = PBXFileReference; lastKnownFileType = file.storyboard; name = Base; path = Base.lproj/LaunchScreen.storyboard; sourceTree = "<group>"; };
		CE55BE5A1CBBC2F600D8364B /* Info.plist */ = {isa = PBXFileReference; lastKnownFileType = text.plist.xml; path = Info.plist; sourceTree = "<group>"; };
		CE55BE5F1CBBC2F600D8364B /* SimpleViewTests.xctest */ = {isa = PBXFileReference; explicitFileType = wrapper.cfbundle; includeInIndex = 0; path = SimpleViewTests.xctest; sourceTree = BUILT_PRODUCTS_DIR; };
		CE55BE631CBBC2F600D8364B /* SimpleViewTests.m */ = {isa = PBXFileReference; lastKnownFileType = sourcecode.c.objc; path = SimpleViewTests.m; sourceTree = "<group>"; };
		CE55BE651CBBC2F600D8364B /* Info.plist */ = {isa = PBXFileReference; lastKnownFileType = text.plist.xml; path = Info.plist; sourceTree = "<group>"; };
		CE55BE6A1CBBC2F600D8364B /* SimpleViewUITests.xctest */ = {isa = PBXFileReference; explicitFileType = wrapper.cfbundle; includeInIndex = 0; path = SimpleViewUITests.xctest; sourceTree = BUILT_PRODUCTS_DIR; };
		CE55BE6E1CBBC2F600D8364B /* SimpleViewUITests.m */ = {isa = PBXFileReference; lastKnownFileType = sourcecode.c.objc; path = SimpleViewUITests.m; sourceTree = "<group>"; };
		CE55BE701CBBC2F600D8364B /* Info.plist */ = {isa = PBXFileReference; lastKnownFileType = text.plist.xml; path = Info.plist; sourceTree = "<group>"; };
		CE55BE801CBBCCD900D8364B /* UIButton+SimpleFactory.h */ = {isa = PBXFileReference; fileEncoding = 4; lastKnownFileType = sourcecode.c.h; path = "UIButton+SimpleFactory.h"; sourceTree = "<group>"; };
		CE55BE811CBBCCD900D8364B /* UIButton+SimpleFactory.m */ = {isa = PBXFileReference; fileEncoding = 4; lastKnownFileType = sourcecode.c.objc; path = "UIButton+SimpleFactory.m"; sourceTree = "<group>"; };
		CE55BE831CBBCD0D00D8364B /* UIViewController+SimpleNavigation.h */ = {isa = PBXFileReference; fileEncoding = 4; lastKnownFileType = sourcecode.c.h; path = "UIViewController+SimpleNavigation.h"; sourceTree = "<group>"; };
		CE55BE841CBBCD0D00D8364B /* UIViewController+SimpleNavigation.m */ = {isa = PBXFileReference; fileEncoding = 4; lastKnownFileType = sourcecode.c.objc; path = "UIViewController+SimpleNavigation.m"; sourceTree = "<group>"; };
		CE55BE881CBBD09600D8364B /* NSObject+Block.h */ = {isa = PBXFileReference; fileEncoding = 4; lastKnownFileType = sourcecode.c.h; path = "NSObject+Block.h"; sourceTree = "<group>"; };
		CE55BE891CBBD09600D8364B /* NSObject+Block.m */ = {isa = PBXFileReference; fileEncoding = 4; lastKnownFileType = sourcecode.c.objc; path = "NSObject+Block.m"; sourceTree = "<group>"; };
		CE763C361D054FB10068DA0B /* UITextField+SimpleFactory.h */ = {isa = PBXFileReference; fileEncoding = 4; lastKnownFileType = sourcecode.c.h; path = "UITextField+SimpleFactory.h"; sourceTree = "<group>"; };
		CE763C371D054FB10068DA0B /* UITextField+SimpleFactory.m */ = {isa = PBXFileReference; fileEncoding = 4; lastKnownFileType = sourcecode.c.objc; path = "UITextField+SimpleFactory.m"; sourceTree = "<group>"; };
		CE805F291CE18F37000780D7 /* UIViewController+BackButtonStyle.h */ = {isa = PBXFileReference; fileEncoding = 4; lastKnownFileType = sourcecode.c.h; path = "UIViewController+BackButtonStyle.h"; sourceTree = "<group>"; };
		CE805F2A1CE18F37000780D7 /* UIViewController+BackButtonStyle.m */ = {isa = PBXFileReference; fileEncoding = 4; lastKnownFileType = sourcecode.c.objc; path = "UIViewController+BackButtonStyle.m"; sourceTree = "<group>"; };
		CE880DF61CEEF9CF002AA73D /* UIColor+HexString.h */ = {isa = PBXFileReference; fileEncoding = 4; lastKnownFileType = sourcecode.c.h; path = "UIColor+HexString.h"; sourceTree = "<group>"; };
		CE880DF71CEEF9CF002AA73D /* UIColor+HexString.m */ = {isa = PBXFileReference; fileEncoding = 4; lastKnownFileType = sourcecode.c.objc; path = "UIColor+HexString.m"; sourceTree = "<group>"; };
		CE880DF91CF2A45F002AA73D /* SimpleHeader.h */ = {isa = PBXFileReference; lastKnownFileType = sourcecode.c.h; path = SimpleHeader.h; sourceTree = "<group>"; };
		CEC716DA1CE4527E006536F2 /* UIView+Sizes.h */ = {isa = PBXFileReference; fileEncoding = 4; lastKnownFileType = sourcecode.c.h; path = "UIView+Sizes.h"; sourceTree = "<group>"; };
		CEC716DB1CE4527E006536F2 /* UIView+Sizes.m */ = {isa = PBXFileReference; fileEncoding = 4; lastKnownFileType = sourcecode.c.objc; path = "UIView+Sizes.m"; sourceTree = "<group>"; };
		CEC716E01CE4B2DC006536F2 /* UIViewController+NavBackgroundStyle.h */ = {isa = PBXFileReference; fileEncoding = 4; lastKnownFileType = sourcecode.c.h; path = "UIViewController+NavBackgroundStyle.h"; sourceTree = "<group>"; };
		CEC716E11CE4B2DC006536F2 /* UIViewController+NavBackgroundStyle.m */ = {isa = PBXFileReference; fileEncoding = 4; lastKnownFileType = sourcecode.c.objc; path = "UIViewController+NavBackgroundStyle.m"; sourceTree = "<group>"; };
		CEC716E61CEABF9D006536F2 /* UIImageView+SimpleFactory.h */ = {isa = PBXFileReference; fileEncoding = 4; lastKnownFileType = sourcecode.c.h; path = "UIImageView+SimpleFactory.h"; sourceTree = "<group>"; };
		CEC716E71CEABF9D006536F2 /* UIImageView+SimpleFactory.m */ = {isa = PBXFileReference; fileEncoding = 4; lastKnownFileType = sourcecode.c.objc; path = "UIImageView+SimpleFactory.m"; sourceTree = "<group>"; };
		CEE2FE2C1CD0ACE900F1DECF /* UIBarButtonItem+SimpleFactory.h */ = {isa = PBXFileReference; fileEncoding = 4; lastKnownFileType = sourcecode.c.h; path = "UIBarButtonItem+SimpleFactory.h"; sourceTree = "<group>"; };
		CEE2FE2D1CD0ACE900F1DECF /* UIBarButtonItem+SimpleFactory.m */ = {isa = PBXFileReference; fileEncoding = 4; lastKnownFileType = sourcecode.c.objc; path = "UIBarButtonItem+SimpleFactory.m"; sourceTree = "<group>"; };
		D90EDF4A8338FD51929EC816 /* Pods-SimpleView.release.xcconfig */ = {isa = PBXFileReference; includeInIndex = 1; lastKnownFileType = text.xcconfig; name = "Pods-SimpleView.release.xcconfig"; path = "Pods/Target Support Files/Pods-SimpleView/Pods-SimpleView.release.xcconfig"; sourceTree = "<group>"; };
/* End PBXFileReference section */

/* Begin PBXFrameworksBuildPhase section */
		CE55BE431CBBC2F500D8364B /* Frameworks */ = {
			isa = PBXFrameworksBuildPhase;
			buildActionMask = 2147483647;
			files = (
				5216997B2B1AE5E1A1002352 /* libPods-SimpleView.a in Frameworks */,
			);
			runOnlyForDeploymentPostprocessing = 0;
		};
		CE55BE5C1CBBC2F600D8364B /* Frameworks */ = {
			isa = PBXFrameworksBuildPhase;
			buildActionMask = 2147483647;
			files = (
			);
			runOnlyForDeploymentPostprocessing = 0;
		};
		CE55BE671CBBC2F600D8364B /* Frameworks */ = {
			isa = PBXFrameworksBuildPhase;
			buildActionMask = 2147483647;
			files = (
			);
			runOnlyForDeploymentPostprocessing = 0;
		};
/* End PBXFrameworksBuildPhase section */

/* Begin PBXGroup section */
		1A626B04172B21AAE13B6234 /* Frameworks */ = {
			isa = PBXGroup;
			children = (
				B511EC83D4174AA046132E6B /* libPods-SimpleView.a */,
			);
			name = Frameworks;
			sourceTree = "<group>";
		};
		20EC872659B86EBAE2C6E523 /* Pods */ = {
			isa = PBXGroup;
			children = (
				0202D8E12B681407EABF28BB /* Pods-SimpleView.debug.xcconfig */,
				D90EDF4A8338FD51929EC816 /* Pods-SimpleView.release.xcconfig */,
			);
			name = Pods;
			sourceTree = "<group>";
		};
		CE55BE3D1CBBC2F500D8364B = {
			isa = PBXGroup;
			children = (
				CE55BE481CBBC2F600D8364B /* SimpleView */,
				CE55BE621CBBC2F600D8364B /* SimpleViewTests */,
				CE55BE6D1CBBC2F600D8364B /* SimpleViewUITests */,
				CE55BE471CBBC2F500D8364B /* Products */,
				20EC872659B86EBAE2C6E523 /* Pods */,
				1A626B04172B21AAE13B6234 /* Frameworks */,
			);
			sourceTree = "<group>";
		};
		CE55BE471CBBC2F500D8364B /* Products */ = {
			isa = PBXGroup;
			children = (
				CE55BE461CBBC2F500D8364B /* SimpleView.app */,
				CE55BE5F1CBBC2F600D8364B /* SimpleViewTests.xctest */,
				CE55BE6A1CBBC2F600D8364B /* SimpleViewUITests.xctest */,
			);
			name = Products;
			sourceTree = "<group>";
		};
		CE55BE481CBBC2F600D8364B /* SimpleView */ = {
			isa = PBXGroup;
			children = (
				CE55BE4C1CBBC2F600D8364B /* AppDelegate.h */,
				CE55BE4D1CBBC2F600D8364B /* AppDelegate.m */,
				CE55BE4F1CBBC2F600D8364B /* ViewController.h */,
				CE55BE501CBBC2F600D8364B /* ViewController.m */,
				CE0AE0C11CDB634900A11CEB /* TestViewController.h */,
				CE0AE0C21CDB634900A11CEB /* TestViewController.m */,
				CE55BE871CBBD09600D8364B /* Simple */,
				CE55BE7C1CBBCB6A00D8364B /* SimpleView */,
				CE805F251CE18DE8000780D7 /* NavStyle */,
				CE55BE521CBBC2F600D8364B /* Main.storyboard */,
				CE55BE551CBBC2F600D8364B /* Assets.xcassets */,
				CE55BE571CBBC2F600D8364B /* LaunchScreen.storyboard */,
				CE55BE5A1CBBC2F600D8364B /* Info.plist */,
				CE55BE491CBBC2F600D8364B /* Supporting Files */,
			);
			path = SimpleView;
			sourceTree = "<group>";
		};
		CE55BE491CBBC2F600D8364B /* Supporting Files */ = {
			isa = PBXGroup;
			children = (
				CE55BE4A1CBBC2F600D8364B /* main.m */,
			);
			name = "Supporting Files";
			sourceTree = "<group>";
		};
		CE55BE621CBBC2F600D8364B /* SimpleViewTests */ = {
			isa = PBXGroup;
			children = (
				CE55BE631CBBC2F600D8364B /* SimpleViewTests.m */,
				CE55BE651CBBC2F600D8364B /* Info.plist */,
			);
			path = SimpleViewTests;
			sourceTree = "<group>";
		};
		CE55BE6D1CBBC2F600D8364B /* SimpleViewUITests */ = {
			isa = PBXGroup;
			children = (
				CE55BE6E1CBBC2F600D8364B /* SimpleViewUITests.m */,
				CE55BE701CBBC2F600D8364B /* Info.plist */,
			);
			path = SimpleViewUITests;
			sourceTree = "<group>";
		};
		CE55BE7C1CBBCB6A00D8364B /* SimpleView */ = {
			isa = PBXGroup;
			children = (
				CE3158721CD2FC1F00BA5486 /* SimpleViewHeader.h */,
				CE0AE0BE1CDB33C000A11CEB /* UIView+SimpleFactory.h */,
				CE0AE0BF1CDB33C000A11CEB /* UIView+SimpleFactory.m */,
				CE55BE801CBBCCD900D8364B /* UIButton+SimpleFactory.h */,
				CE55BE811CBBCCD900D8364B /* UIButton+SimpleFactory.m */,
				CE0AE0B51CD9F8E100A11CEB /* UILabel+SimpleFactory.h */,
				CE0AE0B61CD9F8E100A11CEB /* UILabel+SimpleFactory.m */,
				CEC716E61CEABF9D006536F2 /* UIImageView+SimpleFactory.h */,
				CEC716E71CEABF9D006536F2 /* UIImageView+SimpleFactory.m */,
				CE763C361D054FB10068DA0B /* UITextField+SimpleFactory.h */,
				CE763C371D054FB10068DA0B /* UITextField+SimpleFactory.m */,
				CEE2FE2C1CD0ACE900F1DECF /* UIBarButtonItem+SimpleFactory.h */,
				CEE2FE2D1CD0ACE900F1DECF /* UIBarButtonItem+SimpleFactory.m */,
				CE0AE0C41CDC729C00A11CEB /* UINavigationController+SimpleFactory.h */,
				CE0AE0C51CDC729C00A11CEB /* UINavigationController+SimpleFactory.m */,
				CE55BE831CBBCD0D00D8364B /* UIViewController+SimpleNavigation.h */,
				CE55BE841CBBCD0D00D8364B /* UIViewController+SimpleNavigation.m */,
				CE1B646D1D01722A0034672B /* UIViewController+SimplePresent.h */,
				CE1B646E1D01722A0034672B /* UIViewController+SimplePresent.m */,
			);
			path = SimpleView;
			sourceTree = "<group>";
		};
		CE55BE871CBBD09600D8364B /* Simple */ = {
			isa = PBXGroup;
			children = (
				CE880DF91CF2A45F002AA73D /* SimpleHeader.h */,
				CE55BE881CBBD09600D8364B /* NSObject+Block.h */,
				CE55BE891CBBD09600D8364B /* NSObject+Block.m */,
				CE0AE0BB1CD9FCB300A11CEB /* NSString+CGSize.h */,
				CE0AE0BC1CD9FCB300A11CEB /* NSString+CGSize.m */,
				CEC716DA1CE4527E006536F2 /* UIView+Sizes.h */,
				CEC716DB1CE4527E006536F2 /* UIView+Sizes.m */,
				CE880DF61CEEF9CF002AA73D /* UIColor+HexString.h */,
				CE880DF71CEEF9CF002AA73D /* UIColor+HexString.m */,
			);
			path = Simple;
			sourceTree = "<group>";
		};
		CE805F251CE18DE8000780D7 /* NavStyle */ = {
			isa = PBXGroup;
			children = (
				CE805F291CE18F37000780D7 /* UIViewController+BackButtonStyle.h */,
				CE805F2A1CE18F37000780D7 /* UIViewController+BackButtonStyle.m */,
				CEC716E01CE4B2DC006536F2 /* UIViewController+NavBackgroundStyle.h */,
				CEC716E11CE4B2DC006536F2 /* UIViewController+NavBackgroundStyle.m */,
			);
			path = NavStyle;
			sourceTree = "<group>";
		};
/* End PBXGroup section */

/* Begin PBXNativeTarget section */
		CE55BE451CBBC2F500D8364B /* SimpleView */ = {
			isa = PBXNativeTarget;
			buildConfigurationList = CE55BE731CBBC2F600D8364B /* Build configuration list for PBXNativeTarget "SimpleView" */;
			buildPhases = (
				C7CEC81421047218CE0B32C7 /* 📦 Check Pods Manifest.lock */,
				CE55BE421CBBC2F500D8364B /* Sources */,
				CE55BE431CBBC2F500D8364B /* Frameworks */,
				CE55BE441CBBC2F500D8364B /* Resources */,
				3479B25D2AA8648B677FF37A /* 📦 Embed Pods Frameworks */,
				6C7D48070142E08DDD3FE89C /* 📦 Copy Pods Resources */,
			);
			buildRules = (
			);
			dependencies = (
			);
			name = SimpleView;
			productName = SimpleView;
			productReference = CE55BE461CBBC2F500D8364B /* SimpleView.app */;
			productType = "com.apple.product-type.application";
		};
		CE55BE5E1CBBC2F600D8364B /* SimpleViewTests */ = {
			isa = PBXNativeTarget;
			buildConfigurationList = CE55BE761CBBC2F600D8364B /* Build configuration list for PBXNativeTarget "SimpleViewTests" */;
			buildPhases = (
				CE55BE5B1CBBC2F600D8364B /* Sources */,
				CE55BE5C1CBBC2F600D8364B /* Frameworks */,
				CE55BE5D1CBBC2F600D8364B /* Resources */,
			);
			buildRules = (
			);
			dependencies = (
				CE55BE611CBBC2F600D8364B /* PBXTargetDependency */,
			);
			name = SimpleViewTests;
			productName = SimpleViewTests;
			productReference = CE55BE5F1CBBC2F600D8364B /* SimpleViewTests.xctest */;
			productType = "com.apple.product-type.bundle.unit-test";
		};
		CE55BE691CBBC2F600D8364B /* SimpleViewUITests */ = {
			isa = PBXNativeTarget;
			buildConfigurationList = CE55BE791CBBC2F600D8364B /* Build configuration list for PBXNativeTarget "SimpleViewUITests" */;
			buildPhases = (
				CE55BE661CBBC2F600D8364B /* Sources */,
				CE55BE671CBBC2F600D8364B /* Frameworks */,
				CE55BE681CBBC2F600D8364B /* Resources */,
			);
			buildRules = (
			);
			dependencies = (
				CE55BE6C1CBBC2F600D8364B /* PBXTargetDependency */,
			);
			name = SimpleViewUITests;
			productName = SimpleViewUITests;
			productReference = CE55BE6A1CBBC2F600D8364B /* SimpleViewUITests.xctest */;
			productType = "com.apple.product-type.bundle.ui-testing";
		};
/* End PBXNativeTarget section */

/* Begin PBXProject section */
		CE55BE3E1CBBC2F500D8364B /* Project object */ = {
			isa = PBXProject;
			attributes = {
				LastUpgradeCheck = 0730;
				ORGANIZATIONNAME = ileo;
				TargetAttributes = {
					CE55BE451CBBC2F500D8364B = {
						CreatedOnToolsVersion = 7.3;
						DevelopmentTeam = LZ6NA3C3G7;
					};
					CE55BE5E1CBBC2F600D8364B = {
						CreatedOnToolsVersion = 7.3;
						TestTargetID = CE55BE451CBBC2F500D8364B;
					};
					CE55BE691CBBC2F600D8364B = {
						CreatedOnToolsVersion = 7.3;
						TestTargetID = CE55BE451CBBC2F500D8364B;
					};
				};
			};
			buildConfigurationList = CE55BE411CBBC2F500D8364B /* Build configuration list for PBXProject "SimpleView" */;
			compatibilityVersion = "Xcode 3.2";
			developmentRegion = English;
			hasScannedForEncodings = 0;
			knownRegions = (
				en,
				Base,
			);
			mainGroup = CE55BE3D1CBBC2F500D8364B;
			productRefGroup = CE55BE471CBBC2F500D8364B /* Products */;
			projectDirPath = "";
			projectRoot = "";
			targets = (
				CE55BE451CBBC2F500D8364B /* SimpleView */,
				CE55BE5E1CBBC2F600D8364B /* SimpleViewTests */,
				CE55BE691CBBC2F600D8364B /* SimpleViewUITests */,
			);
		};
/* End PBXProject section */

/* Begin PBXResourcesBuildPhase section */
		CE55BE441CBBC2F500D8364B /* Resources */ = {
			isa = PBXResourcesBuildPhase;
			buildActionMask = 2147483647;
			files = (
				CE55BE591CBBC2F600D8364B /* LaunchScreen.storyboard in Resources */,
				CE55BE561CBBC2F600D8364B /* Assets.xcassets in Resources */,
				CE55BE541CBBC2F600D8364B /* Main.storyboard in Resources */,
			);
			runOnlyForDeploymentPostprocessing = 0;
		};
		CE55BE5D1CBBC2F600D8364B /* Resources */ = {
			isa = PBXResourcesBuildPhase;
			buildActionMask = 2147483647;
			files = (
			);
			runOnlyForDeploymentPostprocessing = 0;
		};
		CE55BE681CBBC2F600D8364B /* Resources */ = {
			isa = PBXResourcesBuildPhase;
			buildActionMask = 2147483647;
			files = (
			);
			runOnlyForDeploymentPostprocessing = 0;
		};
/* End PBXResourcesBuildPhase section */

/* Begin PBXShellScriptBuildPhase section */
		3479B25D2AA8648B677FF37A /* 📦 Embed Pods Frameworks */ = {
			isa = PBXShellScriptBuildPhase;
			buildActionMask = 2147483647;
			files = (
			);
			inputPaths = (
			);
			name = "📦 Embed Pods Frameworks";
			outputPaths = (
			);
			runOnlyForDeploymentPostprocessing = 0;
			shellPath = /bin/sh;
			shellScript = "\"${SRCROOT}/Pods/Target Support Files/Pods-SimpleView/Pods-SimpleView-frameworks.sh\"\n";
			showEnvVarsInLog = 0;
		};
		6C7D48070142E08DDD3FE89C /* 📦 Copy Pods Resources */ = {
			isa = PBXShellScriptBuildPhase;
			buildActionMask = 2147483647;
			files = (
			);
			inputPaths = (
			);
			name = "📦 Copy Pods Resources";
			outputPaths = (
			);
			runOnlyForDeploymentPostprocessing = 0;
			shellPath = /bin/sh;
			shellScript = "\"${SRCROOT}/Pods/Target Support Files/Pods-SimpleView/Pods-SimpleView-resources.sh\"\n";
			showEnvVarsInLog = 0;
		};
		C7CEC81421047218CE0B32C7 /* 📦 Check Pods Manifest.lock */ = {
			isa = PBXShellScriptBuildPhase;
			buildActionMask = 2147483647;
			files = (
			);
			inputPaths = (
			);
			name = "📦 Check Pods Manifest.lock";
			outputPaths = (
			);
			runOnlyForDeploymentPostprocessing = 0;
			shellPath = /bin/sh;
			shellScript = "diff \"${PODS_ROOT}/../Podfile.lock\" \"${PODS_ROOT}/Manifest.lock\" > /dev/null\nif [[ $? != 0 ]] ; then\n    cat << EOM\nerror: The sandbox is not in sync with the Podfile.lock. Run 'pod install' or update your CocoaPods installation.\nEOM\n    exit 1\nfi\n";
			showEnvVarsInLog = 0;
		};
/* End PBXShellScriptBuildPhase section */

/* Begin PBXSourcesBuildPhase section */
		CE55BE421CBBC2F500D8364B /* Sources */ = {
			isa = PBXSourcesBuildPhase;
			buildActionMask = 2147483647;
			files = (
				CE0AE0C61CDC729C00A11CEB /* UINavigationController+SimpleFactory.m in Sources */,
				CE55BE821CBBCCD900D8364B /* UIButton+SimpleFactory.m in Sources */,
				CE55BE511CBBC2F600D8364B /* ViewController.m in Sources */,
				CEC716E81CEABF9D006536F2 /* UIImageView+SimpleFactory.m in Sources */,
				CEE2FE2E1CD0ACE900F1DECF /* UIBarButtonItem+SimpleFactory.m in Sources */,
				CE805F2B1CE18F37000780D7 /* UIViewController+BackButtonStyle.m in Sources */,
				CE55BE4E1CBBC2F600D8364B /* AppDelegate.m in Sources */,
				CE55BE851CBBCD0D00D8364B /* UIViewController+SimpleNavigation.m in Sources */,
				CE0AE0BD1CD9FCB300A11CEB /* NSString+CGSize.m in Sources */,
				CE0AE0B71CD9F8E100A11CEB /* UILabel+SimpleFactory.m in Sources */,
				CEC716DC1CE4527E006536F2 /* UIView+Sizes.m in Sources */,
				CE0AE0C31CDB634900A11CEB /* TestViewController.m in Sources */,
				CE763C381D054FB10068DA0B /* UITextField+SimpleFactory.m in Sources */,
				CEC716E21CE4B2DC006536F2 /* UIViewController+NavBackgroundStyle.m in Sources */,
				CE0AE0C01CDB33C000A11CEB /* UIView+SimpleFactory.m in Sources */,
				CE55BE4B1CBBC2F600D8364B /* main.m in Sources */,
				CE55BE8A1CBBD09600D8364B /* NSObject+Block.m in Sources */,
				CE1B646F1D01722A0034672B /* UIViewController+SimplePresent.m in Sources */,
				CE880DF81CEEF9CF002AA73D /* UIColor+HexString.m in Sources */,
			);
			runOnlyForDeploymentPostprocessing = 0;
		};
		CE55BE5B1CBBC2F600D8364B /* Sources */ = {
			isa = PBXSourcesBuildPhase;
			buildActionMask = 2147483647;
			files = (
				CE55BE641CBBC2F600D8364B /* SimpleViewTests.m in Sources */,
			);
			runOnlyForDeploymentPostprocessing = 0;
		};
		CE55BE661CBBC2F600D8364B /* Sources */ = {
			isa = PBXSourcesBuildPhase;
			buildActionMask = 2147483647;
			files = (
				CE55BE6F1CBBC2F600D8364B /* SimpleViewUITests.m in Sources */,
			);
			runOnlyForDeploymentPostprocessing = 0;
		};
/* End PBXSourcesBuildPhase section */

/* Begin PBXTargetDependency section */
		CE55BE611CBBC2F600D8364B /* PBXTargetDependency */ = {
			isa = PBXTargetDependency;
			target = CE55BE451CBBC2F500D8364B /* SimpleView */;
			targetProxy = CE55BE601CBBC2F600D8364B /* PBXContainerItemProxy */;
		};
		CE55BE6C1CBBC2F600D8364B /* PBXTargetDependency */ = {
			isa = PBXTargetDependency;
			target = CE55BE451CBBC2F500D8364B /* SimpleView */;
			targetProxy = CE55BE6B1CBBC2F600D8364B /* PBXContainerItemProxy */;
		};
/* End PBXTargetDependency section */

/* Begin PBXVariantGroup section */
		CE55BE521CBBC2F600D8364B /* Main.storyboard */ = {
			isa = PBXVariantGroup;
			children = (
				CE55BE531CBBC2F600D8364B /* Base */,
			);
			name = Main.storyboard;
			sourceTree = "<group>";
		};
		CE55BE571CBBC2F600D8364B /* LaunchScreen.storyboard */ = {
			isa = PBXVariantGroup;
			children = (
				CE55BE581CBBC2F600D8364B /* Base */,
			);
			name = LaunchScreen.storyboard;
			sourceTree = "<group>";
		};
/* End PBXVariantGroup section */

/* Begin XCBuildConfiguration section */
		CE55BE711CBBC2F600D8364B /* Debug */ = {
			isa = XCBuildConfiguration;
			buildSettings = {
				ALWAYS_SEARCH_USER_PATHS = NO;
				CLANG_ANALYZER_NONNULL = YES;
				CLANG_CXX_LANGUAGE_STANDARD = "gnu++0x";
				CLANG_CXX_LIBRARY = "libc++";
				CLANG_ENABLE_MODULES = YES;
				CLANG_ENABLE_OBJC_ARC = YES;
				CLANG_WARN_BOOL_CONVERSION = YES;
				CLANG_WARN_CONSTANT_CONVERSION = YES;
				CLANG_WARN_DIRECT_OBJC_ISA_USAGE = YES_ERROR;
				CLANG_WARN_EMPTY_BODY = YES;
				CLANG_WARN_ENUM_CONVERSION = YES;
				CLANG_WARN_INT_CONVERSION = YES;
				CLANG_WARN_OBJC_ROOT_CLASS = YES_ERROR;
				CLANG_WARN_UNREACHABLE_CODE = YES;
				CLANG_WARN__DUPLICATE_METHOD_MATCH = YES;
				"CODE_SIGN_IDENTITY[sdk=iphoneos*]" = "iPhone Developer";
				COPY_PHASE_STRIP = NO;
				DEBUG_INFORMATION_FORMAT = dwarf;
				ENABLE_STRICT_OBJC_MSGSEND = YES;
				ENABLE_TESTABILITY = YES;
				GCC_C_LANGUAGE_STANDARD = gnu99;
				GCC_DYNAMIC_NO_PIC = NO;
				GCC_NO_COMMON_BLOCKS = YES;
				GCC_OPTIMIZATION_LEVEL = 0;
				GCC_PREPROCESSOR_DEFINITIONS = (
					"DEBUG=1",
					"$(inherited)",
				);
				GCC_WARN_64_TO_32_BIT_CONVERSION = YES;
				GCC_WARN_ABOUT_RETURN_TYPE = YES_ERROR;
				GCC_WARN_UNDECLARED_SELECTOR = YES;
				GCC_WARN_UNINITIALIZED_AUTOS = YES_AGGRESSIVE;
				GCC_WARN_UNUSED_FUNCTION = YES;
				GCC_WARN_UNUSED_VARIABLE = YES;
				IPHONEOS_DEPLOYMENT_TARGET = 9.3;
				MTL_ENABLE_DEBUG_INFO = YES;
				ONLY_ACTIVE_ARCH = YES;
				SDKROOT = iphoneos;
			};
			name = Debug;
		};
		CE55BE721CBBC2F600D8364B /* Release */ = {
			isa = XCBuildConfiguration;
			buildSettings = {
				ALWAYS_SEARCH_USER_PATHS = NO;
				CLANG_ANALYZER_NONNULL = YES;
				CLANG_CXX_LANGUAGE_STANDARD = "gnu++0x";
				CLANG_CXX_LIBRARY = "libc++";
				CLANG_ENABLE_MODULES = YES;
				CLANG_ENABLE_OBJC_ARC = YES;
				CLANG_WARN_BOOL_CONVERSION = YES;
				CLANG_WARN_CONSTANT_CONVERSION = YES;
				CLANG_WARN_DIRECT_OBJC_ISA_USAGE = YES_ERROR;
				CLANG_WARN_EMPTY_BODY = YES;
				CLANG_WARN_ENUM_CONVERSION = YES;
				CLANG_WARN_INT_CONVERSION = YES;
				CLANG_WARN_OBJC_ROOT_CLASS = YES_ERROR;
				CLANG_WARN_UNREACHABLE_CODE = YES;
				CLANG_WARN__DUPLICATE_METHOD_MATCH = YES;
				"CODE_SIGN_IDENTITY[sdk=iphoneos*]" = "iPhone Developer";
				COPY_PHASE_STRIP = NO;
				DEBUG_INFORMATION_FORMAT = "dwarf-with-dsym";
				ENABLE_NS_ASSERTIONS = NO;
				ENABLE_STRICT_OBJC_MSGSEND = YES;
				GCC_C_LANGUAGE_STANDARD = gnu99;
				GCC_NO_COMMON_BLOCKS = YES;
				GCC_WARN_64_TO_32_BIT_CONVERSION = YES;
				GCC_WARN_ABOUT_RETURN_TYPE = YES_ERROR;
				GCC_WARN_UNDECLARED_SELECTOR = YES;
				GCC_WARN_UNINITIALIZED_AUTOS = YES_AGGRESSIVE;
				GCC_WARN_UNUSED_FUNCTION = YES;
				GCC_WARN_UNUSED_VARIABLE = YES;
				IPHONEOS_DEPLOYMENT_TARGET = 9.3;
				MTL_ENABLE_DEBUG_INFO = NO;
				SDKROOT = iphoneos;
				VALIDATE_PRODUCT = YES;
			};
			name = Release;
		};
		CE55BE741CBBC2F600D8364B /* Debug */ = {
			isa = XCBuildConfiguration;
			baseConfigurationReference = 0202D8E12B681407EABF28BB /* Pods-SimpleView.debug.xcconfig */;
			buildSettings = {
				ASSETCATALOG_COMPILER_APPICON_NAME = AppIcon;
				CODE_SIGN_IDENTITY = "iPhone Developer";
				FRAMEWORK_SEARCH_PATHS = (
					"$(inherited)",
					"$(PROJECT_DIR)/SimpleView",
					"$(PROJECT_DIR)",
				);
				INFOPLIST_FILE = SimpleView/Info.plist;
				IPHONEOS_DEPLOYMENT_TARGET = 7.1;
				LD_RUNPATH_SEARCH_PATHS = "$(inherited) @executable_path/Frameworks";
				PRODUCT_BUNDLE_IDENTIFIER = com.ileo.SimpleView;
				PRODUCT_NAME = "$(TARGET_NAME)";
				SDKROOT = iphoneos;
				VALID_ARCHS = "armv7s armv7 arm64";
			};
			name = Debug;
		};
		CE55BE751CBBC2F600D8364B /* Release */ = {
			isa = XCBuildConfiguration;
			baseConfigurationReference = D90EDF4A8338FD51929EC816 /* Pods-SimpleView.release.xcconfig */;
			buildSettings = {
				ASSETCATALOG_COMPILER_APPICON_NAME = AppIcon;
				CODE_SIGN_IDENTITY = "iPhone Developer";
				FRAMEWORK_SEARCH_PATHS = (
					"$(inherited)",
					"$(PROJECT_DIR)/SimpleView",
					"$(PROJECT_DIR)",
				);
				INFOPLIST_FILE = SimpleView/Info.plist;
				IPHONEOS_DEPLOYMENT_TARGET = 7.1;
				LD_RUNPATH_SEARCH_PATHS = "$(inherited) @executable_path/Frameworks";
				PRODUCT_BUNDLE_IDENTIFIER = com.ileo.SimpleView;
				PRODUCT_NAME = "$(TARGET_NAME)";
				SDKROOT = iphoneos;
				VALID_ARCHS = "armv7s armv7 arm64";
			};
			name = Release;
		};
		CE55BE771CBBC2F600D8364B /* Debug */ = {
			isa = XCBuildConfiguration;
			buildSettings = {
				BUNDLE_LOADER = "$(TEST_HOST)";
				INFOPLIST_FILE = SimpleViewTests/Info.plist;
				LD_RUNPATH_SEARCH_PATHS = "$(inherited) @executable_path/Frameworks @loader_path/Frameworks";
				PRODUCT_BUNDLE_IDENTIFIER = com.ileo.SimpleViewTests;
				PRODUCT_NAME = "$(TARGET_NAME)";
				TEST_HOST = "$(BUILT_PRODUCTS_DIR)/SimpleView.app/SimpleView";
			};
			name = Debug;
		};
		CE55BE781CBBC2F600D8364B /* Release */ = {
			isa = XCBuildConfiguration;
			buildSettings = {
				BUNDLE_LOADER = "$(TEST_HOST)";
				INFOPLIST_FILE = SimpleViewTests/Info.plist;
				LD_RUNPATH_SEARCH_PATHS = "$(inherited) @executable_path/Frameworks @loader_path/Frameworks";
				PRODUCT_BUNDLE_IDENTIFIER = com.ileo.SimpleViewTests;
				PRODUCT_NAME = "$(TARGET_NAME)";
				TEST_HOST = "$(BUILT_PRODUCTS_DIR)/SimpleView.app/SimpleView";
			};
			name = Release;
		};
		CE55BE7A1CBBC2F600D8364B /* Debug */ = {
			isa = XCBuildConfiguration;
			buildSettings = {
				INFOPLIST_FILE = SimpleViewUITests/Info.plist;
				LD_RUNPATH_SEARCH_PATHS = "$(inherited) @executable_path/Frameworks @loader_path/Frameworks";
				PRODUCT_BUNDLE_IDENTIFIER = com.ileo.SimpleViewUITests;
				PRODUCT_NAME = "$(TARGET_NAME)";
				TEST_TARGET_NAME = SimpleView;
			};
			name = Debug;
		};
		CE55BE7B1CBBC2F600D8364B /* Release */ = {
			isa = XCBuildConfiguration;
			buildSettings = {
				INFOPLIST_FILE = SimpleViewUITests/Info.plist;
				LD_RUNPATH_SEARCH_PATHS = "$(inherited) @executable_path/Frameworks @loader_path/Frameworks";
				PRODUCT_BUNDLE_IDENTIFIER = com.ileo.SimpleViewUITests;
				PRODUCT_NAME = "$(TARGET_NAME)";
				TEST_TARGET_NAME = SimpleView;
			};
			name = Release;
		};
/* End XCBuildConfiguration section */

/* Begin XCConfigurationList section */
		CE55BE411CBBC2F500D8364B /* Build configuration list for PBXProject "SimpleView" */ = {
			isa = XCConfigurationList;
			buildConfigurations = (
				CE55BE711CBBC2F600D8364B /* Debug */,
				CE55BE721CBBC2F600D8364B /* Release */,
			);
			defaultConfigurationIsVisible = 0;
			defaultConfigurationName = Release;
		};
		CE55BE731CBBC2F600D8364B /* Build configuration list for PBXNativeTarget "SimpleView" */ = {
			isa = XCConfigurationList;
			buildConfigurations = (
				CE55BE741CBBC2F600D8364B /* Debug */,
				CE55BE751CBBC2F600D8364B /* Release */,
			);
			defaultConfigurationIsVisible = 0;
			defaultConfigurationName = Release;
		};
		CE55BE761CBBC2F600D8364B /* Build configuration list for PBXNativeTarget "SimpleViewTests" */ = {
			isa = XCConfigurationList;
			buildConfigurations = (
				CE55BE771CBBC2F600D8364B /* Debug */,
				CE55BE781CBBC2F600D8364B /* Release */,
			);
			defaultConfigurationIsVisible = 0;
			defaultConfigurationName = Release;
		};
		CE55BE791CBBC2F600D8364B /* Build configuration list for PBXNativeTarget "SimpleViewUITests" */ = {
			isa = XCConfigurationList;
			buildConfigurations = (
				CE55BE7A1CBBC2F600D8364B /* Debug */,
				CE55BE7B1CBBC2F600D8364B /* Release */,
			);
			defaultConfigurationIsVisible = 0;
			defaultConfigurationName = Release;
		};
/* End XCConfigurationList section */
	};
	rootObject = CE55BE3E1CBBC2F500D8364B /* Project object */;
}
